
Microsoft Visual Studio Solution File, Format Version 12.00
# Visual Studio Version 17
VisualStudioVersion = 17.0.31919.166
MinimumVisualStudioVersion = 10.0.40219.1
Project("{9A19103F-16F7-4668-BE54-9A1E7A4F7556}") = "PresentationLayer", "PresentationLayer\PresentationLayer.csproj", "{B098838E-73D1-4161-9AB8-FA3D71D0E059}"
EndProject
Project("{9A19103F-16F7-4668-BE54-9A1E7A4F7556}") = "DataAccessLayer", "DataAccessLayer\DataAccessLayer.csproj", "{92071B64-B784-4DA2-A725-B8BDBC1D396E}"
EndProject
Project("{2150E333-8FDC-42A3-9474-1A3956D46DE8}") = "DataLayer", "DataLayer", "{1FA60C79-3C74-43B6-834B-A857B9C45796}"
	ProjectSection(SolutionItems) = preProject
		DataLayer\DbBackup.sql = DataLayer\DbBackup.sql
	EndProjectSection
EndProject
Project("{9A19103F-16F7-4668-BE54-9A1E7A4F7556}") = "BusinessLogicLayer", "BusinessLogicLayer\BusinessLogicLayer.csproj", "{E52B65F8-64DD-4359-8CCA-CDE0F59A180F}"
EndProject
Project("{9A19103F-16F7-4668-BE54-9A1E7A4F7556}") = "Patterns", "Patterns\Patterns.csproj", "{8EB8A765-95C6-424E-A444-2461A28DD692}"
EndProject
Project("{2150E333-8FDC-42A3-9474-1A3956D46DE8}") = "Tests", "Tests", "{2D822968-DE0A-42D3-8F08-2013B9B19DCF}"
EndProject
Project("{9A19103F-16F7-4668-BE54-9A1E7A4F7556}") = "TestDLLAndBLL4SimpleWorking", "Tests\TestDLLAndBLL4SimpleWorking\TestDLLAndBLL4SimpleWorking.csproj", "{F3C5E03B-D053-4E65-9190-8F1273D82B89}"
EndProject
Project("{9A19103F-16F7-4668-BE54-9A1E7A4F7556}") = "Test_EmailTool", "Tests\Test_EmailGateway_Sender\Test_EmailTool.csproj", "{A42781EA-F183-4447-BE5E-EBA6C2B656F8}"
EndProject
Project("{9A19103F-16F7-4668-BE54-9A1E7A4F7556}") = "Test_EMailConverter", "Tests\Test_EMailConverter\Test_EMailConverter.csproj", "{21DCE0F3-91B8-4EEC-8C25-442E2734C090}"
EndProject
Project("{9A19103F-16F7-4668-BE54-9A1E7A4F7556}") = "Test_Authorization", "Tests\Test_Authorization\Test_Authorization.csproj", "{1BBA848C-A232-455A-8177-8DEC02C913A0}"
EndProject
Project("{2150E333-8FDC-42A3-9474-1A3956D46DE8}") = "Documents", "Documents", "{0B5F4D46-039B-4BA6-9C8F-CF73C7422626}"
	ProjectSection(SolutionItems) = preProject
		Documents\словари.txt = Documents\словари.txt
		Documents\Текущая схема БД.png = Documents\Текущая схема БД.png
	EndProjectSection
EndProject
Global
	GlobalSection(SolutionConfigurationPlatforms) = preSolution
		Debug|Any CPU = Debug|Any CPU
		Release|Any CPU = Release|Any CPU
	EndGlobalSection
	GlobalSection(ProjectConfigurationPlatforms) = postSolution
		{B098838E-73D1-4161-9AB8-FA3D71D0E059}.Debug|Any CPU.ActiveCfg = Debug|Any CPU
		{B098838E-73D1-4161-9AB8-FA3D71D0E059}.Debug|Any CPU.Build.0 = Debug|Any CPU
		{B098838E-73D1-4161-9AB8-FA3D71D0E059}.Release|Any CPU.ActiveCfg = Release|Any CPU
		{B098838E-73D1-4161-9AB8-FA3D71D0E059}.Release|Any CPU.Build.0 = Release|Any CPU
		{92071B64-B784-4DA2-A725-B8BDBC1D396E}.Debug|Any CPU.ActiveCfg = Debug|Any CPU
		{92071B64-B784-4DA2-A725-B8BDBC1D396E}.Debug|Any CPU.Build.0 = Debug|Any CPU
		{92071B64-B784-4DA2-A725-B8BDBC1D396E}.Release|Any CPU.ActiveCfg = Release|Any CPU
		{92071B64-B784-4DA2-A725-B8BDBC1D396E}.Release|Any CPU.Build.0 = Release|Any CPU
		{E52B65F8-64DD-4359-8CCA-CDE0F59A180F}.Debug|Any CPU.ActiveCfg = Debug|Any CPU
		{E52B65F8-64DD-4359-8CCA-CDE0F59A180F}.Debug|Any CPU.Build.0 = Debug|Any CPU
		{E52B65F8-64DD-4359-8CCA-CDE0F59A180F}.Release|Any CPU.ActiveCfg = Release|Any CPU
		{E52B65F8-64DD-4359-8CCA-CDE0F59A180F}.Release|Any CPU.Build.0 = Release|Any CPU
		{8EB8A765-95C6-424E-A444-2461A28DD692}.Debug|Any CPU.ActiveCfg = Debug|Any CPU
		{8EB8A765-95C6-424E-A444-2461A28DD692}.Debug|Any CPU.Build.0 = Debug|Any CPU
		{8EB8A765-95C6-424E-A444-2461A28DD692}.Release|Any CPU.ActiveCfg = Release|Any CPU
		{8EB8A765-95C6-424E-A444-2461A28DD692}.Release|Any CPU.Build.0 = Release|Any CPU
		{F3C5E03B-D053-4E65-9190-8F1273D82B89}.Debug|Any CPU.ActiveCfg = Debug|Any CPU
		{F3C5E03B-D053-4E65-9190-8F1273D82B89}.Debug|Any CPU.Build.0 = Debug|Any CPU
		{F3C5E03B-D053-4E65-9190-8F1273D82B89}.Release|Any CPU.ActiveCfg = Release|Any CPU
		{F3C5E03B-D053-4E65-9190-8F1273D82B89}.Release|Any CPU.Build.0 = Release|Any CPU
		{A42781EA-F183-4447-BE5E-EBA6C2B656F8}.Debug|Any CPU.ActiveCfg = Debug|Any CPU
		{A42781EA-F183-4447-BE5E-EBA6C2B656F8}.Debug|Any CPU.Build.0 = Debug|Any CPU
		{A42781EA-F183-4447-BE5E-EBA6C2B656F8}.Release|Any CPU.ActiveCfg = Release|Any CPU
		{A42781EA-F183-4447-BE5E-EBA6C2B656F8}.Release|Any CPU.Build.0 = Release|Any CPU
		{21DCE0F3-91B8-4EEC-8C25-442E2734C090}.Debug|Any CPU.ActiveCfg = Debug|Any CPU
		{21DCE0F3-91B8-4EEC-8C25-442E2734C090}.Debug|Any CPU.Build.0 = Debug|Any CPU
		{21DCE0F3-91B8-4EEC-8C25-442E2734C090}.Release|Any CPU.ActiveCfg = Release|Any CPU
		{21DCE0F3-91B8-4EEC-8C25-442E2734C090}.Release|Any CPU.Build.0 = Release|Any CPU
		{1BBA848C-A232-455A-8177-8DEC02C913A0}.Debug|Any CPU.ActiveCfg = Debug|Any CPU
		{1BBA848C-A232-455A-8177-8DEC02C913A0}.Debug|Any CPU.Build.0 = Debug|Any CPU
		{1BBA848C-A232-455A-8177-8DEC02C913A0}.Release|Any CPU.ActiveCfg = Release|Any CPU
		{1BBA848C-A232-455A-8177-8DEC02C913A0}.Release|Any CPU.Build.0 = Release|Any CPU
	EndGlobalSection
	GlobalSection(SolutionProperties) = preSolution
		HideSolutionNode = FALSE
	EndGlobalSection
	GlobalSection(NestedProjects) = preSolution
		{F3C5E03B-D053-4E65-9190-8F1273D82B89} = {2D822968-DE0A-42D3-8F08-2013B9B19DCF}
		{A42781EA-F183-4447-BE5E-EBA6C2B656F8} = {2D822968-DE0A-42D3-8F08-2013B9B19DCF}
		{21DCE0F3-91B8-4EEC-8C25-442E2734C090} = {2D822968-DE0A-42D3-8F08-2013B9B19DCF}
		{1BBA848C-A232-455A-8177-8DEC02C913A0} = {2D822968-DE0A-42D3-8F08-2013B9B19DCF}
	EndGlobalSection
	GlobalSection(ExtensibilityGlobals) = postSolution
		SolutionGuid = {52EC0964-A3C5-4C27-BAC8-FC291BB83090}
	EndGlobalSection
EndGlobal
