
Microsoft Visual Studio Solution File, Format Version 12.00
# Visual Studio Version 16
VisualStudioVersion = 16.0.29025.244
MinimumVisualStudioVersion = 10.0.40219.1
Project("{9A19103F-16F7-4668-BE54-9A1E7A4F7556}") = "PresentationLayer", "PresentationLayer\PresentationLayer.csproj", "{B098838E-73D1-4161-9AB8-FA3D71D0E059}"
EndProject
Project("{9A19103F-16F7-4668-BE54-9A1E7A4F7556}") = "DataAccessLayer", "DataAccessLayer\DataAccessLayer.csproj", "{92071B64-B784-4DA2-A725-B8BDBC1D396E}"
EndProject
Project("{2150E333-8FDC-42A3-9474-1A3956D46DE8}") = "DataLayer", "DataLayer", "{1FA60C79-3C74-43B6-834B-A857B9C45796}"
	ProjectSection(SolutionItems) = preProject
		DataLayer\DbBackup.sql = DataLayer\DbBackup.sql
	EndProjectSection
EndProject
Project("{FAE04EC0-301F-11D3-BF4B-00C04F79EFBC}") = "BusinessLogicLayer", "BusinessLogicLayer\BusinessLogicLayer.csproj", "{E52B65F8-64DD-4359-8CCA-CDE0F59A180F}"
EndProject
Project("{FAE04EC0-301F-11D3-BF4B-00C04F79EFBC}") = "Patterns", "Patterns\Patterns.csproj", "{8EB8A765-95C6-424E-A444-2461A28DD692}"
EndProject
Project("{FAE04EC0-301F-11D3-BF4B-00C04F79EFBC}") = "AuxiliaryTools", "AuxiliaryTools\AuxiliaryTools.csproj", "{235A2554-5F38-4FF0-8E46-98AEFE5EE433}"
EndProject
Global
	GlobalSection(SolutionConfigurationPlatforms) = preSolution
		Debug|Any CPU = Debug|Any CPU
		Release|Any CPU = Release|Any CPU
	EndGlobalSection
	GlobalSection(ProjectConfigurationPlatforms) = postSolution
		{B098838E-73D1-4161-9AB8-FA3D71D0E059}.Debug|Any CPU.ActiveCfg = Debug|Any CPU
		{B098838E-73D1-4161-9AB8-FA3D71D0E059}.Debug|Any CPU.Build.0 = Debug|Any CPU
		{B098838E-73D1-4161-9AB8-FA3D71D0E059}.Release|Any CPU.ActiveCfg = Release|Any CPU
		{B098838E-73D1-4161-9AB8-FA3D71D0E059}.Release|Any CPU.Build.0 = Release|Any CPU
		{92071B64-B784-4DA2-A725-B8BDBC1D396E}.Debug|Any CPU.ActiveCfg = Debug|Any CPU
		{92071B64-B784-4DA2-A725-B8BDBC1D396E}.Debug|Any CPU.Build.0 = Debug|Any CPU
		{92071B64-B784-4DA2-A725-B8BDBC1D396E}.Release|Any CPU.ActiveCfg = Release|Any CPU
		{92071B64-B784-4DA2-A725-B8BDBC1D396E}.Release|Any CPU.Build.0 = Release|Any CPU
		{E52B65F8-64DD-4359-8CCA-CDE0F59A180F}.Debug|Any CPU.ActiveCfg = Debug|Any CPU
		{E52B65F8-64DD-4359-8CCA-CDE0F59A180F}.Debug|Any CPU.Build.0 = Debug|Any CPU
		{E52B65F8-64DD-4359-8CCA-CDE0F59A180F}.Release|Any CPU.ActiveCfg = Release|Any CPU
		{E52B65F8-64DD-4359-8CCA-CDE0F59A180F}.Release|Any CPU.Build.0 = Release|Any CPU
		{8EB8A765-95C6-424E-A444-2461A28DD692}.Debug|Any CPU.ActiveCfg = Debug|Any CPU
		{8EB8A765-95C6-424E-A444-2461A28DD692}.Debug|Any CPU.Build.0 = Debug|Any CPU
		{8EB8A765-95C6-424E-A444-2461A28DD692}.Release|Any CPU.ActiveCfg = Release|Any CPU
		{8EB8A765-95C6-424E-A444-2461A28DD692}.Release|Any CPU.Build.0 = Release|Any CPU
		{235A2554-5F38-4FF0-8E46-98AEFE5EE433}.Debug|Any CPU.ActiveCfg = Debug|Any CPU
		{235A2554-5F38-4FF0-8E46-98AEFE5EE433}.Debug|Any CPU.Build.0 = Debug|Any CPU
		{235A2554-5F38-4FF0-8E46-98AEFE5EE433}.Release|Any CPU.ActiveCfg = Release|Any CPU
		{235A2554-5F38-4FF0-8E46-98AEFE5EE433}.Release|Any CPU.Build.0 = Release|Any CPU
	EndGlobalSection
	GlobalSection(SolutionProperties) = preSolution
		HideSolutionNode = FALSE
	EndGlobalSection
	GlobalSection(ExtensibilityGlobals) = postSolution
		SolutionGuid = {52EC0964-A3C5-4C27-BAC8-FC291BB83090}
	EndGlobalSection
EndGlobal
